{
  "nodes": {
    "decktape": {
      "flake": false,
      "locked": {
        "lastModified": 1675780048,
        "narHash": "sha256-12voYttIqev8NoOpHfj0Gbrvy7RO+cE6pPFLtGszFX0=",
        "owner": "astefanutti",
        "repo": "decktape",
        "rev": "296c082a906e545cc51da370c03b2ddb3bb84b76",
        "type": "github"
      },
      "original": {
        "owner": "astefanutti",
        "repo": "decktape",
        "type": "github"
      }
    },
    "flake-utils": {
      "locked": {
        "lastModified": 1667395993,
        "narHash": "sha256-nuEHfE/LcWyuSWnS8t12N1wc105Qtau+/OdUAjtQ0rA=",
        "owner": "numtide",
        "repo": "flake-utils",
        "rev": "5aed5285a952e0b949eb3ba02c12fa4fcfef535f",
        "type": "github"
      },
      "original": {
        "owner": "numtide",
        "repo": "flake-utils",
        "type": "github"
      }
    },
    "mathjax": {
      "flake": false,
      "locked": {
        "lastModified": 1654710011,
        "narHash": "sha256-RIHI2qigotGqbwO09rUfmjkYzmkhYeEX+4B/F+Q6094=",
        "owner": "mathjax",
        "repo": "mathjax",
        "rev": "600692ad9d3552cc25f85510d5797bc942ecc9f7",
        "type": "github"
      },
      "original": {
        "owner": "mathjax",
        "repo": "mathjax",
        "type": "github"
      }
    },
    "nixpkgs": {
      "locked": {
        "lastModified": 1675780527,
        "narHash": "sha256-YCKpvOMxvG6v1vyFGjW0WbFYNz24HNp0IaaGtkjTEKY=",
        "owner": "nixos",
        "repo": "nixpkgs",
        "rev": "779c6b7a5c8daadb2023c5a226fc7425fdd56810",
        "type": "github"
      },
      "original": {
        "owner": "nixos",
        "ref": "master",
        "repo": "nixpkgs",
        "type": "github"
      }
    },
    "plantumlC4": {
      "flake": false,
      "locked": {
        "lastModified": 1674940606,
        "narHash": "sha256-70OAmiL4dXQH6RBCjrftK7Lnwt+2jyLwOoa8iQhnl5Q=",
        "owner": "plantuml-stdlib",
        "repo": "c4-plantuml",
        "rev": "0d97fb8713bfafbc6bb231e036d4a74388353c23",
        "type": "github"
      },
      "original": {
        "owner": "plantuml-stdlib",
        "repo": "c4-plantuml",
        "type": "github"
      }
    },
    "plantumlEIP": {
      "flake": false,
      "locked": {
        "lastModified": 1661106976,
        "narHash": "sha256-LgTDs0uPvnFGAfM0mKiDskfmc7v/GbSyiLlJaWQSMjs=",
        "owner": "plantuml-stdlib",
        "repo": "EIP-PlantUML",
        "rev": "22dcb7d5f755b5140f4c32999b4d7d8a8e9973a3",
        "type": "github"
      },
      "original": {
        "owner": "plantuml-stdlib",
        "repo": "EIP-PlantUML",
        "type": "github"
      }
    },
    "revealjs": {
      "flake": false,
      "locked": {
        "lastModified": 1674652670,
        "narHash": "sha256-ViqeZlOjQTlY0KM7YcOOjdgkxRLPMZrRKXTqtyc1I00=",
        "owner": "hakimel",
        "repo": "reveal.js",
        "rev": "b1a9842b2f4544a2fda546383db38cc7a81f6b74",
        "type": "github"
      },
      "original": {
        "owner": "hakimel",
        "repo": "reveal.js",
        "type": "github"
      }
    },
    "root": {
      "inputs": {
        "decktape": "decktape",
        "flake-utils": "flake-utils",
        "mathjax": "mathjax",
        "nixpkgs": "nixpkgs",
        "plantumlC4": "plantumlC4",
        "plantumlEIP": "plantumlEIP",
        "revealjs": "revealjs"
      }
    }
  },
  "root": "root",
  "version": 7
}
